// !$*UTF8*$!
{
	archiveVersion = 1;
	classes = {
	};
	objectVersion = 56;
	objects = {

/* Begin PBXBuildFile section */
		4470C7642B0D718800DAE4FC /* DestinationSearchView.swift in Sources */ = {isa = PBXBuildFile; fileRef = 4470C7632B0D718800DAE4FC /* DestinationSearchView.swift */; };
		4470C7662B110BE200DAE4FC /* ProfileView.swift in Sources */ = {isa = PBXBuildFile; fileRef = 4470C7652B110BE200DAE4FC /* ProfileView.swift */; };
		4470C7682B1257AF00DAE4FC /* ProfileOptionRowView.swift in Sources */ = {isa = PBXBuildFile; fileRef = 4470C7672B1257AF00DAE4FC /* ProfileOptionRowView.swift */; };
		4470C76A2B125C0300DAE4FC /* WishlistsView.swift in Sources */ = {isa = PBXBuildFile; fileRef = 4470C7692B125C0300DAE4FC /* WishlistsView.swift */; };
		4470C76C2B1264CD00DAE4FC /* MainTabView.swift in Sources */ = {isa = PBXBuildFile; fileRef = 4470C76B2B1264CD00DAE4FC /* MainTabView.swift */; };
		4470C7702B12938500DAE4FC /* Listing.swift in Sources */ = {isa = PBXBuildFile; fileRef = 4470C76F2B12938500DAE4FC /* Listing.swift */; };
		4470C7722B1299A700DAE4FC /* DevPreview.swift in Sources */ = {isa = PBXBuildFile; fileRef = 4470C7712B1299A700DAE4FC /* DevPreview.swift */; };
		4470C7772B13E34000DAE4FC /* ExploreViewModel.swift in Sources */ = {isa = PBXBuildFile; fileRef = 4470C7762B13E34000DAE4FC /* ExploreViewModel.swift */; };
		4470C7792B13E39400DAE4FC /* ExploreService.swift in Sources */ = {isa = PBXBuildFile; fileRef = 4470C7782B13E39400DAE4FC /* ExploreService.swift */; };
		4498E4042B04E23D00CA4812 /* ExploreView.swift in Sources */ = {isa = PBXBuildFile; fileRef = 4498E4032B04E23D00CA4812 /* ExploreView.swift */; };
		4498E4062B04E40B00CA4812 /* ListingItemView.swift in Sources */ = {isa = PBXBuildFile; fileRef = 4498E4052B04E40B00CA4812 /* ListingItemView.swift */; };
		4498E4082B06806E00CA4812 /* SearchAndFilterBar.swift in Sources */ = {isa = PBXBuildFile; fileRef = 4498E4072B06806E00CA4812 /* SearchAndFilterBar.swift */; };
		4498E40A2B068C8F00CA4812 /* ListingDetailView.swift in Sources */ = {isa = PBXBuildFile; fileRef = 4498E4092B068C8F00CA4812 /* ListingDetailView.swift */; };
		4498E40D2B068D3800CA4812 /* ListingImageCarouselView.swift in Sources */ = {isa = PBXBuildFile; fileRef = 4498E40C2B068D3800CA4812 /* ListingImageCarouselView.swift */; };
		44A8E6E22AEFE3360058B765 /* AirBnbEdApp.swift in Sources */ = {isa = PBXBuildFile; fileRef = 44A8E6E12AEFE3360058B765 /* AirBnbEdApp.swift */; };
		44A8E6E42AEFE3360058B765 /* ContentView.swift in Sources */ = {isa = PBXBuildFile; fileRef = 44A8E6E32AEFE3360058B765 /* ContentView.swift */; };
		44A8E6E62AEFE33B0058B765 /* Assets.xcassets in Resources */ = {isa = PBXBuildFile; fileRef = 44A8E6E52AEFE33B0058B765 /* Assets.xcassets */; };
		44A8E6E92AEFE33B0058B765 /* Preview Assets.xcassets in Resources */ = {isa = PBXBuildFile; fileRef = 44A8E6E82AEFE33B0058B765 /* Preview Assets.xcassets */; };
/* End PBXBuildFile section */

/* Begin PBXFileReference section */
		4470C7632B0D718800DAE4FC /* DestinationSearchView.swift */ = {isa = PBXFileReference; lastKnownFileType = sourcecode.swift; path = DestinationSearchView.swift; sourceTree = "<group>"; };
		4470C7652B110BE200DAE4FC /* ProfileView.swift */ = {isa = PBXFileReference; lastKnownFileType = sourcecode.swift; path = ProfileView.swift; sourceTree = "<group>"; };
		4470C7672B1257AF00DAE4FC /* ProfileOptionRowView.swift */ = {isa = PBXFileReference; lastKnownFileType = sourcecode.swift; path = ProfileOptionRowView.swift; sourceTree = "<group>"; };
		4470C7692B125C0300DAE4FC /* WishlistsView.swift */ = {isa = PBXFileReference; lastKnownFileType = sourcecode.swift; path = WishlistsView.swift; sourceTree = "<group>"; };
		4470C76B2B1264CD00DAE4FC /* MainTabView.swift */ = {isa = PBXFileReference; lastKnownFileType = sourcecode.swift; path = MainTabView.swift; sourceTree = "<group>"; };
		4470C76F2B12938500DAE4FC /* Listing.swift */ = {isa = PBXFileReference; lastKnownFileType = sourcecode.swift; path = Listing.swift; sourceTree = "<group>"; };
		4470C7712B1299A700DAE4FC /* DevPreview.swift */ = {isa = PBXFileReference; lastKnownFileType = sourcecode.swift; path = DevPreview.swift; sourceTree = "<group>"; };
		4470C7762B13E34000DAE4FC /* ExploreViewModel.swift */ = {isa = PBXFileReference; lastKnownFileType = sourcecode.swift; path = ExploreViewModel.swift; sourceTree = "<group>"; };
		4470C7782B13E39400DAE4FC /* ExploreService.swift */ = {isa = PBXFileReference; lastKnownFileType = sourcecode.swift; path = ExploreService.swift; sourceTree = "<group>"; };
		4498E4032B04E23D00CA4812 /* ExploreView.swift */ = {isa = PBXFileReference; lastKnownFileType = sourcecode.swift; path = ExploreView.swift; sourceTree = "<group>"; };
		4498E4052B04E40B00CA4812 /* ListingItemView.swift */ = {isa = PBXFileReference; lastKnownFileType = sourcecode.swift; path = ListingItemView.swift; sourceTree = "<group>"; };
		4498E4072B06806E00CA4812 /* SearchAndFilterBar.swift */ = {isa = PBXFileReference; lastKnownFileType = sourcecode.swift; path = SearchAndFilterBar.swift; sourceTree = "<group>"; };
		4498E4092B068C8F00CA4812 /* ListingDetailView.swift */ = {isa = PBXFileReference; lastKnownFileType = sourcecode.swift; path = ListingDetailView.swift; sourceTree = "<group>"; };
		4498E40C2B068D3800CA4812 /* ListingImageCarouselView.swift */ = {isa = PBXFileReference; lastKnownFileType = sourcecode.swift; path = ListingImageCarouselView.swift; sourceTree = "<group>"; };
		44A8E6DE2AEFE3360058B765 /* AirBnbEd.app */ = {isa = PBXFileReference; explicitFileType = wrapper.application; includeInIndex = 0; path = AirBnbEd.app; sourceTree = BUILT_PRODUCTS_DIR; };
		44A8E6E12AEFE3360058B765 /* AirBnbEdApp.swift */ = {isa = PBXFileReference; lastKnownFileType = sourcecode.swift; path = AirBnbEdApp.swift; sourceTree = "<group>"; };
		44A8E6E32AEFE3360058B765 /* ContentView.swift */ = {isa = PBXFileReference; lastKnownFileType = sourcecode.swift; path = ContentView.swift; sourceTree = "<group>"; };
		44A8E6E52AEFE33B0058B765 /* Assets.xcassets */ = {isa = PBXFileReference; lastKnownFileType = folder.assetcatalog; path = Assets.xcassets; sourceTree = "<group>"; };
		44A8E6E82AEFE33B0058B765 /* Preview Assets.xcassets */ = {isa = PBXFileReference; lastKnownFileType = folder.assetcatalog; path = "Preview Assets.xcassets"; sourceTree = "<group>"; };
/* End PBXFileReference section */

/* Begin PBXFrameworksBuildPhase section */
		44A8E6DB2AEFE3360058B765 /* Frameworks */ = {
			isa = PBXFrameworksBuildPhase;
			buildActionMask = 2147483647;
			files = (
			);
			runOnlyForDeploymentPostprocessing = 0;
		};
/* End PBXFrameworksBuildPhase section */

/* Begin PBXGroup section */
		4470C76D2B12936E00DAE4FC /* View */ = {
			isa = PBXGroup;
			children = (
				4498E4052B04E40B00CA4812 /* ListingItemView.swift */,
				4498E4092B068C8F00CA4812 /* ListingDetailView.swift */,
			);
			path = View;
			sourceTree = "<group>";
		};
		4470C76E2B12937900DAE4FC /* Model */ = {
			isa = PBXGroup;
			children = (
				4470C76F2B12938500DAE4FC /* Listing.swift */,
			);
			path = Model;
			sourceTree = "<group>";
		};
		4470C7732B13E30900DAE4FC /* Service */ = {
			isa = PBXGroup;
			children = (
				4470C7782B13E39400DAE4FC /* ExploreService.swift */,
			);
			path = Service;
			sourceTree = "<group>";
		};
		4470C7742B13E31900DAE4FC /* View */ = {
			isa = PBXGroup;
			children = (
				4498E4032B04E23D00CA4812 /* ExploreView.swift */,
				4498E4072B06806E00CA4812 /* SearchAndFilterBar.swift */,
				4470C7632B0D718800DAE4FC /* DestinationSearchView.swift */,
			);
			path = View;
			sourceTree = "<group>";
		};
		4470C7752B13E31F00DAE4FC /* ViewModel */ = {
			isa = PBXGroup;
			children = (
				4470C7762B13E34000DAE4FC /* ExploreViewModel.swift */,
			);
			path = ViewModel;
			sourceTree = "<group>";
		};
		4498E3F72B04B55500CA4812 /* App */ = {
			isa = PBXGroup;
			children = (
				44A8E6E12AEFE3360058B765 /* AirBnbEdApp.swift */,
			);
			path = App;
			sourceTree = "<group>";
		};
		4498E3F82B04B56000CA4812 /* Core */ = {
			isa = PBXGroup;
			children = (
				4498E40B2B068D1800CA4812 /* Components */,
				4498E4022B04E17100CA4812 /* Explore */,
				4498E4012B04E16900CA4812 /* Listings */,
				4498E4002B04E15E00CA4812 /* MapView */,
				4498E3FF2B04E15300CA4812 /* Profile */,
				4498E3FE2B04E14600CA4812 /* Root */,
				4498E3FD2B04E13800CA4812 /* TabBar */,
				4498E3FC2B04E12F00CA4812 /* Wishlists */,
			);
			path = Core;
			sourceTree = "<group>";
		};
		4498E3F92B04B56B00CA4812 /* Extensions */ = {
			isa = PBXGroup;
			children = (
				4470C7712B1299A700DAE4FC /* DevPreview.swift */,
			);
			path = Extensions;
			sourceTree = "<group>";
		};
		4498E3FA2B04B57800CA4812 /* Models */ = {
			isa = PBXGroup;
			children = (
			);
			path = Models;
			sourceTree = "<group>";
		};
		4498E3FB2B04B58400CA4812 /* Utils */ = {
			isa = PBXGroup;
			children = (
			);
			path = Utils;
			sourceTree = "<group>";
		};
		4498E3FC2B04E12F00CA4812 /* Wishlists */ = {
			isa = PBXGroup;
			children = (
				4470C7692B125C0300DAE4FC /* WishlistsView.swift */,
			);
			path = Wishlists;
			sourceTree = "<group>";
		};
		4498E3FD2B04E13800CA4812 /* TabBar */ = {
			isa = PBXGroup;
			children = (
				4470C76B2B1264CD00DAE4FC /* MainTabView.swift */,
			);
			path = TabBar;
			sourceTree = "<group>";
		};
		4498E3FE2B04E14600CA4812 /* Root */ = {
			isa = PBXGroup;
			children = (
			);
			path = Root;
			sourceTree = "<group>";
		};
		4498E3FF2B04E15300CA4812 /* Profile */ = {
			isa = PBXGroup;
			children = (
				4470C7652B110BE200DAE4FC /* ProfileView.swift */,
				4470C7672B1257AF00DAE4FC /* ProfileOptionRowView.swift */,
			);
			path = Profile;
			sourceTree = "<group>";
		};
		4498E4002B04E15E00CA4812 /* MapView */ = {
			isa = PBXGroup;
			children = (
			);
			path = MapView;
			sourceTree = "<group>";
		};
		4498E4012B04E16900CA4812 /* Listings */ = {
			isa = PBXGroup;
			children = (
				4470C76E2B12937900DAE4FC /* Model */,
				4470C76D2B12936E00DAE4FC /* View */,
			);
			path = Listings;
			sourceTree = "<group>";
		};
		4498E4022B04E17100CA4812 /* Explore */ = {
			isa = PBXGroup;
			children = (
				4470C7752B13E31F00DAE4FC /* ViewModel */,
				4470C7742B13E31900DAE4FC /* View */,
				4470C7732B13E30900DAE4FC /* Service */,
			);
			path = Explore;
			sourceTree = "<group>";
		};
		4498E40B2B068D1800CA4812 /* Components */ = {
			isa = PBXGroup;
			children = (
				4498E40C2B068D3800CA4812 /* ListingImageCarouselView.swift */,
			);
			path = Components;
			sourceTree = "<group>";
		};
		44A8E6D52AEFE3360058B765 = {
			isa = PBXGroup;
			children = (
				44A8E6E02AEFE3360058B765 /* AirBnbEd */,
				44A8E6DF2AEFE3360058B765 /* Products */,
			);
			sourceTree = "<group>";
		};
		44A8E6DF2AEFE3360058B765 /* Products */ = {
			isa = PBXGroup;
			children = (
				44A8E6DE2AEFE3360058B765 /* AirBnbEd.app */,
			);
			name = Products;
			sourceTree = "<group>";
		};
		44A8E6E02AEFE3360058B765 /* AirBnbEd */ = {
			isa = PBXGroup;
			children = (
				4498E3F72B04B55500CA4812 /* App */,
				4498E3F82B04B56000CA4812 /* Core */,
				4498E3F92B04B56B00CA4812 /* Extensions */,
				4498E3FA2B04B57800CA4812 /* Models */,
				4498E3FB2B04B58400CA4812 /* Utils */,
				44A8E6E32AEFE3360058B765 /* ContentView.swift */,
				44A8E6E52AEFE33B0058B765 /* Assets.xcassets */,
				44A8E6E72AEFE33B0058B765 /* Preview Content */,
			);
			path = AirBnbEd;
			sourceTree = "<group>";
		};
		44A8E6E72AEFE33B0058B765 /* Preview Content */ = {
			isa = PBXGroup;
			children = (
				44A8E6E82AEFE33B0058B765 /* Preview Assets.xcassets */,
			);
			path = "Preview Content";
			sourceTree = "<group>";
		};
/* End PBXGroup section */

/* Begin PBXNativeTarget section */
		44A8E6DD2AEFE3360058B765 /* AirBnbEd */ = {
			isa = PBXNativeTarget;
			buildConfigurationList = 44A8E6EC2AEFE33B0058B765 /* Build configuration list for PBXNativeTarget "AirBnbEd" */;
			buildPhases = (
				44A8E6DA2AEFE3360058B765 /* Sources */,
				44A8E6DB2AEFE3360058B765 /* Frameworks */,
				44A8E6DC2AEFE3360058B765 /* Resources */,
			);
			buildRules = (
			);
			dependencies = (
			);
			name = AirBnbEd;
			productName = AirBnbEd;
			productReference = 44A8E6DE2AEFE3360058B765 /* AirBnbEd.app */;
			productType = "com.apple.product-type.application";
		};
/* End PBXNativeTarget section */

/* Begin PBXProject section */
		44A8E6D62AEFE3360058B765 /* Project object */ = {
			isa = PBXProject;
			attributes = {
				BuildIndependentTargetsInParallel = 1;
				LastSwiftUpdateCheck = 1500;
				LastUpgradeCheck = 1500;
				TargetAttributes = {
					44A8E6DD2AEFE3360058B765 = {
						CreatedOnToolsVersion = 15.0;
					};
				};
			};
			buildConfigurationList = 44A8E6D92AEFE3360058B765 /* Build configuration list for PBXProject "AirBnbEd" */;
			compatibilityVersion = "Xcode 14.0";
			developmentRegion = en;
			hasScannedForEncodings = 0;
			knownRegions = (
				en,
				Base,
			);
			mainGroup = 44A8E6D52AEFE3360058B765;
			productRefGroup = 44A8E6DF2AEFE3360058B765 /* Products */;
			projectDirPath = "";
			projectRoot = "";
			targets = (
				44A8E6DD2AEFE3360058B765 /* AirBnbEd */,
			);
		};
/* End PBXProject section */

/* Begin PBXResourcesBuildPhase section */
		44A8E6DC2AEFE3360058B765 /* Resources */ = {
			isa = PBXResourcesBuildPhase;
			buildActionMask = 2147483647;
			files = (
				44A8E6E92AEFE33B0058B765 /* Preview Assets.xcassets in Resources */,
				44A8E6E62AEFE33B0058B765 /* Assets.xcassets in Resources */,
			);
			runOnlyForDeploymentPostprocessing = 0;
		};
/* End PBXResourcesBuildPhase section */

/* Begin PBXSourcesBuildPhase section */
		44A8E6DA2AEFE3360058B765 /* Sources */ = {
			isa = PBXSourcesBuildPhase;
			buildActionMask = 2147483647;
			files = (
				4498E40D2B068D3800CA4812 /* ListingImageCarouselView.swift in Sources */,
				4470C7662B110BE200DAE4FC /* ProfileView.swift in Sources */,
				4470C7682B1257AF00DAE4FC /* ProfileOptionRowView.swift in Sources */,
				4470C7642B0D718800DAE4FC /* DestinationSearchView.swift in Sources */,
				44A8E6E42AEFE3360058B765 /* ContentView.swift in Sources */,
				4498E4062B04E40B00CA4812 /* ListingItemView.swift in Sources */,
				4470C7772B13E34000DAE4FC /* ExploreViewModel.swift in Sources */,
				4470C76A2B125C0300DAE4FC /* WishlistsView.swift in Sources */,
				4498E4042B04E23D00CA4812 /* ExploreView.swift in Sources */,
				4470C7722B1299A700DAE4FC /* DevPreview.swift in Sources */,
				4498E4082B06806E00CA4812 /* SearchAndFilterBar.swift in Sources */,
				4498E40A2B068C8F00CA4812 /* ListingDetailView.swift in Sources */,
				44A8E6E22AEFE3360058B765 /* AirBnbEdApp.swift in Sources */,
				4470C76C2B1264CD00DAE4FC /* MainTabView.swift in Sources */,
				4470C7702B12938500DAE4FC /* Listing.swift in Sources */,
				4470C7792B13E39400DAE4FC /* ExploreService.swift in Sources */,
			);
			runOnlyForDeploymentPostprocessing = 0;
		};
/* End PBXSourcesBuildPhase section */

/* Begin XCBuildConfiguration section */
		44A8E6EA2AEFE33B0058B765 /* Debug */ = {
			isa = XCBuildConfiguration;
			buildSettings = {
				ALWAYS_SEARCH_USER_PATHS = NO;
				ASSETCATALOG_COMPILER_GENERATE_SWIFT_ASSET_SYMBOL_EXTENSIONS = YES;
				CLANG_ANALYZER_NONNULL = YES;
				CLANG_ANALYZER_NUMBER_OBJECT_CONVERSION = YES_AGGRESSIVE;
				CLANG_CXX_LANGUAGE_STANDARD = "gnu++20";
				CLANG_ENABLE_MODULES = YES;
				CLANG_ENABLE_OBJC_ARC = YES;
				CLANG_ENABLE_OBJC_WEAK = YES;
				CLANG_WARN_BLOCK_CAPTURE_AUTORELEASING = YES;
				CLANG_WARN_BOOL_CONVERSION = YES;
				CLANG_WARN_COMMA = YES;
				CLANG_WARN_CONSTANT_CONVERSION = YES;
				CLANG_WARN_DEPRECATED_OBJC_IMPLEMENTATIONS = YES;
				CLANG_WARN_DIRECT_OBJC_ISA_USAGE = YES_ERROR;
				CLANG_WARN_DOCUMENTATION_COMMENTS = YES;
				CLANG_WARN_EMPTY_BODY = YES;
				CLANG_WARN_ENUM_CONVERSION = YES;
				CLANG_WARN_INFINITE_RECURSION = YES;
				CLANG_WARN_INT_CONVERSION = YES;
				CLANG_WARN_NON_LITERAL_NULL_CONVERSION = YES;
				CLANG_WARN_OBJC_IMPLICIT_RETAIN_SELF = YES;
				CLANG_WARN_OBJC_LITERAL_CONVERSION = YES;
				CLANG_WARN_OBJC_ROOT_CLASS = YES_ERROR;
				CLANG_WARN_QUOTED_INCLUDE_IN_FRAMEWORK_HEADER = YES;
				CLANG_WARN_RANGE_LOOP_ANALYSIS = YES;
				CLANG_WARN_STRICT_PROTOTYPES = YES;
				CLANG_WARN_SUSPICIOUS_MOVE = YES;
				CLANG_WARN_UNGUARDED_AVAILABILITY = YES_AGGRESSIVE;
				CLANG_WARN_UNREACHABLE_CODE = YES;
				CLANG_WARN__DUPLICATE_METHOD_MATCH = YES;
				COPY_PHASE_STRIP = NO;
				DEBUG_INFORMATION_FORMAT = dwarf;
				ENABLE_STRICT_OBJC_MSGSEND = YES;
				ENABLE_TESTABILITY = YES;
				ENABLE_USER_SCRIPT_SANDBOXING = YES;
				GCC_C_LANGUAGE_STANDARD = gnu17;
				GCC_DYNAMIC_NO_PIC = NO;
				GCC_NO_COMMON_BLOCKS = YES;
				GCC_OPTIMIZATION_LEVEL = 0;
				GCC_PREPROCESSOR_DEFINITIONS = (
					"DEBUG=1",
					"$(inherited)",
				);
				GCC_WARN_64_TO_32_BIT_CONVERSION = YES;
				GCC_WARN_ABOUT_RETURN_TYPE = YES_ERROR;
				GCC_WARN_UNDECLARED_SELECTOR = YES;
				GCC_WARN_UNINITIALIZED_AUTOS = YES_AGGRESSIVE;
				GCC_WARN_UNUSED_FUNCTION = YES;
				GCC_WARN_UNUSED_VARIABLE = YES;
				IPHONEOS_DEPLOYMENT_TARGET = 17.0;
				LOCALIZATION_PREFERS_STRING_CATALOGS = YES;
				MTL_ENABLE_DEBUG_INFO = INCLUDE_SOURCE;
				MTL_FAST_MATH = YES;
				ONLY_ACTIVE_ARCH = YES;
				SDKROOT = iphoneos;
				SWIFT_ACTIVE_COMPILATION_CONDITIONS = "DEBUG $(inherited)";
				SWIFT_OPTIMIZATION_LEVEL = "-Onone";
			};
			name = Debug;
		};
		44A8E6EB2AEFE33B0058B765 /* Release */ = {
			isa = XCBuildConfiguration;
			buildSettings = {
				ALWAYS_SEARCH_USER_PATHS = NO;
				ASSETCATALOG_COMPILER_GENERATE_SWIFT_ASSET_SYMBOL_EXTENSIONS = YES;
				CLANG_ANALYZER_NONNULL = YES;
				CLANG_ANALYZER_NUMBER_OBJECT_CONVERSION = YES_AGGRESSIVE;
				CLANG_CXX_LANGUAGE_STANDARD = "gnu++20";
				CLANG_ENABLE_MODULES = YES;
				CLANG_ENABLE_OBJC_ARC = YES;
				CLANG_ENABLE_OBJC_WEAK = YES;
				CLANG_WARN_BLOCK_CAPTURE_AUTORELEASING = YES;
				CLANG_WARN_BOOL_CONVERSION = YES;
				CLANG_WARN_COMMA = YES;
				CLANG_WARN_CONSTANT_CONVERSION = YES;
				CLANG_WARN_DEPRECATED_OBJC_IMPLEMENTATIONS = YES;
				CLANG_WARN_DIRECT_OBJC_ISA_USAGE = YES_ERROR;
				CLANG_WARN_DOCUMENTATION_COMMENTS = YES;
				CLANG_WARN_EMPTY_BODY = YES;
				CLANG_WARN_ENUM_CONVERSION = YES;
				CLANG_WARN_INFINITE_RECURSION = YES;
				CLANG_WARN_INT_CONVERSION = YES;
				CLANG_WARN_NON_LITERAL_NULL_CONVERSION = YES;
				CLANG_WARN_OBJC_IMPLICIT_RETAIN_SELF = YES;
				CLANG_WARN_OBJC_LITERAL_CONVERSION = YES;
				CLANG_WARN_OBJC_ROOT_CLASS = YES_ERROR;
				CLANG_WARN_QUOTED_INCLUDE_IN_FRAMEWORK_HEADER = YES;
				CLANG_WARN_RANGE_LOOP_ANALYSIS = YES;
				CLANG_WARN_STRICT_PROTOTYPES = YES;
				CLANG_WARN_SUSPICIOUS_MOVE = YES;
				CLANG_WARN_UNGUARDED_AVAILABILITY = YES_AGGRESSIVE;
				CLANG_WARN_UNREACHABLE_CODE = YES;
				CLANG_WARN__DUPLICATE_METHOD_MATCH = YES;
				COPY_PHASE_STRIP = NO;
				DEBUG_INFORMATION_FORMAT = "dwarf-with-dsym";
				ENABLE_NS_ASSERTIONS = NO;
				ENABLE_STRICT_OBJC_MSGSEND = YES;
				ENABLE_USER_SCRIPT_SANDBOXING = YES;
				GCC_C_LANGUAGE_STANDARD = gnu17;
				GCC_NO_COMMON_BLOCKS = YES;
				GCC_WARN_64_TO_32_BIT_CONVERSION = YES;
				GCC_WARN_ABOUT_RETURN_TYPE = YES_ERROR;
				GCC_WARN_UNDECLARED_SELECTOR = YES;
				GCC_WARN_UNINITIALIZED_AUTOS = YES_AGGRESSIVE;
				GCC_WARN_UNUSED_FUNCTION = YES;
				GCC_WARN_UNUSED_VARIABLE = YES;
				IPHONEOS_DEPLOYMENT_TARGET = 17.0;
				LOCALIZATION_PREFERS_STRING_CATALOGS = YES;
				MTL_ENABLE_DEBUG_INFO = NO;
				MTL_FAST_MATH = YES;
				SDKROOT = iphoneos;
				SWIFT_COMPILATION_MODE = wholemodule;
				VALIDATE_PRODUCT = YES;
			};
			name = Release;
		};
		44A8E6ED2AEFE33B0058B765 /* Debug */ = {
			isa = XCBuildConfiguration;
			buildSettings = {
				ASSETCATALOG_COMPILER_APPICON_NAME = AppIcon;
				ASSETCATALOG_COMPILER_GLOBAL_ACCENT_COLOR_NAME = AccentColor;
				CODE_SIGN_STYLE = Automatic;
				CURRENT_PROJECT_VERSION = 1;
				DEVELOPMENT_ASSET_PATHS = "\"AirBnbEd/Preview Content\"";
				DEVELOPMENT_TEAM = P3M5QHTYAT;
				ENABLE_PREVIEWS = YES;
				GENERATE_INFOPLIST_FILE = YES;
				INFOPLIST_KEY_UIApplicationSceneManifest_Generation = YES;
				INFOPLIST_KEY_UIApplicationSupportsIndirectInputEvents = YES;
				INFOPLIST_KEY_UILaunchScreen_Generation = YES;
				INFOPLIST_KEY_UISupportedInterfaceOrientations_iPad = "UIInterfaceOrientationPortrait UIInterfaceOrientationPortraitUpsideDown UIInterfaceOrientationLandscapeLeft UIInterfaceOrientationLandscapeRight";
				INFOPLIST_KEY_UISupportedInterfaceOrientations_iPhone = "UIInterfaceOrientationPortrait UIInterfaceOrientationLandscapeLeft UIInterfaceOrientationLandscapeRight";
				LD_RUNPATH_SEARCH_PATHS = (
					"$(inherited)",
					"@executable_path/Frameworks",
				);
				MARKETING_VERSION = 1.0;
				PRODUCT_BUNDLE_IDENTIFIER = bugrym.AirBnbEd;
				PRODUCT_NAME = "$(TARGET_NAME)";
				SWIFT_EMIT_LOC_STRINGS = YES;
				SWIFT_VERSION = 5.0;
				TARGETED_DEVICE_FAMILY = "1,2";
			};
			name = Debug;
		};
		44A8E6EE2AEFE33B0058B765 /* Release */ = {
			isa = XCBuildConfiguration;
			buildSettings = {
				ASSETCATALOG_COMPILER_APPICON_NAME = AppIcon;
				ASSETCATALOG_COMPILER_GLOBAL_ACCENT_COLOR_NAME = AccentColor;
				CODE_SIGN_STYLE = Automatic;
				CURRENT_PROJECT_VERSION = 1;
				DEVELOPMENT_ASSET_PATHS = "\"AirBnbEd/Preview Content\"";
				DEVELOPMENT_TEAM = P3M5QHTYAT;
				ENABLE_PREVIEWS = YES;
				GENERATE_INFOPLIST_FILE = YES;
				INFOPLIST_KEY_UIApplicationSceneManifest_Generation = YES;
				INFOPLIST_KEY_UIApplicationSupportsIndirectInputEvents = YES;
				INFOPLIST_KEY_UILaunchScreen_Generation = YES;
				INFOPLIST_KEY_UISupportedInterfaceOrientations_iPad = "UIInterfaceOrientationPortrait UIInterfaceOrientationPortraitUpsideDown UIInterfaceOrientationLandscapeLeft UIInterfaceOrientationLandscapeRight";
				INFOPLIST_KEY_UISupportedInterfaceOrientations_iPhone = "UIInterfaceOrientationPortrait UIInterfaceOrientationLandscapeLeft UIInterfaceOrientationLandscapeRight";
				LD_RUNPATH_SEARCH_PATHS = (
					"$(inherited)",
					"@executable_path/Frameworks",
				);
				MARKETING_VERSION = 1.0;
				PRODUCT_BUNDLE_IDENTIFIER = bugrym.AirBnbEd;
				PRODUCT_NAME = "$(TARGET_NAME)";
				SWIFT_EMIT_LOC_STRINGS = YES;
				SWIFT_VERSION = 5.0;
				TARGETED_DEVICE_FAMILY = "1,2";
			};
			name = Release;
		};
/* End XCBuildConfiguration section */

/* Begin XCConfigurationList section */
		44A8E6D92AEFE3360058B765 /* Build configuration list for PBXProject "AirBnbEd" */ = {
			isa = XCConfigurationList;
			buildConfigurations = (
				44A8E6EA2AEFE33B0058B765 /* Debug */,
				44A8E6EB2AEFE33B0058B765 /* Release */,
			);
			defaultConfigurationIsVisible = 0;
			defaultConfigurationName = Release;
		};
		44A8E6EC2AEFE33B0058B765 /* Build configuration list for PBXNativeTarget "AirBnbEd" */ = {
			isa = XCConfigurationList;
			buildConfigurations = (
				44A8E6ED2AEFE33B0058B765 /* Debug */,
				44A8E6EE2AEFE33B0058B765 /* Release */,
			);
			defaultConfigurationIsVisible = 0;
			defaultConfigurationName = Release;
		};
/* End XCConfigurationList section */
	};
	rootObject = 44A8E6D62AEFE3360058B765 /* Project object */;
}
